// !$*UTF8*$!
{
	archiveVersion = 1;
	classes = {
	};
	objectVersion = 50;
	objects = {

/* Begin PBXBuildFile section */
		612308D2222EA3000089C859 /* AppDelegate.swift in Sources */ = {isa = PBXBuildFile; fileRef = 612308D1222EA3000089C859 /* AppDelegate.swift */; };
		612308D4222EA3000089C859 /* ViewController.swift in Sources */ = {isa = PBXBuildFile; fileRef = 612308D3222EA3000089C859 /* ViewController.swift */; };
		612308D7222EA3000089C859 /* Main.storyboard in Resources */ = {isa = PBXBuildFile; fileRef = 612308D5222EA3000089C859 /* Main.storyboard */; };
		612308D9222EA3000089C859 /* Assets.xcassets in Resources */ = {isa = PBXBuildFile; fileRef = 612308D8222EA3000089C859 /* Assets.xcassets */; };
		612308DC222EA3000089C859 /* LaunchScreen.storyboard in Resources */ = {isa = PBXBuildFile; fileRef = 612308DA222EA3000089C859 /* LaunchScreen.storyboard */; };
		612308E7222EA3010089C859 /* ClinBeaconTests.swift in Sources */ = {isa = PBXBuildFile; fileRef = 612308E6222EA3010089C859 /* ClinBeaconTests.swift */; };
/* End PBXBuildFile section */

/* Begin PBXContainerItemProxy section */
		612308E3222EA3010089C859 /* PBXContainerItemProxy */ = {
			isa = PBXContainerItemProxy;
			containerPortal = 612308C6222EA3000089C859 /* Project object */;
			proxyType = 1;
			remoteGlobalIDString = 612308CD222EA3000089C859;
			remoteInfo = ClinBeacon;
		};
/* End PBXContainerItemProxy section */

/* Begin PBXFileReference section */
		612308CE222EA3000089C859 /* ClinBeacon.app */ = {isa = PBXFileReference; explicitFileType = wrapper.application; includeInIndex = 0; path = ClinBeacon.app; sourceTree = BUILT_PRODUCTS_DIR; };
		612308D1222EA3000089C859 /* AppDelegate.swift */ = {isa = PBXFileReference; lastKnownFileType = sourcecode.swift; path = AppDelegate.swift; sourceTree = "<group>"; };
		612308D3222EA3000089C859 /* ViewController.swift */ = {isa = PBXFileReference; lastKnownFileType = sourcecode.swift; path = ViewController.swift; sourceTree = "<group>"; };
		612308D6222EA3000089C859 /* Base */ = {isa = PBXFileReference; lastKnownFileType = file.storyboard; name = Base; path = Base.lproj/Main.storyboard; sourceTree = "<group>"; };
		612308D8222EA3000089C859 /* Assets.xcassets */ = {isa = PBXFileReference; lastKnownFileType = folder.assetcatalog; path = Assets.xcassets; sourceTree = "<group>"; };
		612308DB222EA3000089C859 /* Base */ = {isa = PBXFileReference; lastKnownFileType = file.storyboard; name = Base; path = Base.lproj/LaunchScreen.storyboard; sourceTree = "<group>"; };
		612308DD222EA3000089C859 /* Info.plist */ = {isa = PBXFileReference; lastKnownFileType = text.plist.xml; path = Info.plist; sourceTree = "<group>"; };
		612308E2222EA3010089C859 /* ClinBeaconTests.xctest */ = {isa = PBXFileReference; explicitFileType = wrapper.cfbundle; includeInIndex = 0; path = ClinBeaconTests.xctest; sourceTree = BUILT_PRODUCTS_DIR; };
		612308E6222EA3010089C859 /* ClinBeaconTests.swift */ = {isa = PBXFileReference; lastKnownFileType = sourcecode.swift; path = ClinBeaconTests.swift; sourceTree = "<group>"; };
		612308E8222EA3010089C859 /* Info.plist */ = {isa = PBXFileReference; lastKnownFileType = text.plist.xml; path = Info.plist; sourceTree = "<group>"; };
/* End PBXFileReference section */

/* Begin PBXFrameworksBuildPhase section */
		612308CB222EA3000089C859 /* Frameworks */ = {
			isa = PBXFrameworksBuildPhase;
			buildActionMask = 2147483647;
			files = (
			);
			runOnlyForDeploymentPostprocessing = 0;
		};
		612308DF222EA3010089C859 /* Frameworks */ = {
			isa = PBXFrameworksBuildPhase;
			buildActionMask = 2147483647;
			files = (
			);
			runOnlyForDeploymentPostprocessing = 0;
		};
/* End PBXFrameworksBuildPhase section */

/* Begin PBXGroup section */
		612308C5222EA3000089C859 = {
			isa = PBXGroup;
			children = (
				612308D0222EA3000089C859 /* ClinBeacon */,
				612308E5222EA3010089C859 /* ClinBeaconTests */,
				612308CF222EA3000089C859 /* Products */,
			);
			sourceTree = "<group>";
		};
		612308CF222EA3000089C859 /* Products */ = {
			isa = PBXGroup;
			children = (
				612308CE222EA3000089C859 /* ClinBeacon.app */,
				612308E2222EA3010089C859 /* ClinBeaconTests.xctest */,
			);
			name = Products;
			sourceTree = "<group>";
		};
		612308D0222EA3000089C859 /* ClinBeacon */ = {
			isa = PBXGroup;
			children = (
				612308D1222EA3000089C859 /* AppDelegate.swift */,
				612308D3222EA3000089C859 /* ViewController.swift */,
				612308D5222EA3000089C859 /* Main.storyboard */,
				612308D8222EA3000089C859 /* Assets.xcassets */,
				612308DA222EA3000089C859 /* LaunchScreen.storyboard */,
				612308DD222EA3000089C859 /* Info.plist */,
			);
			path = ClinBeacon;
			sourceTree = "<group>";
		};
		612308E5222EA3010089C859 /* ClinBeaconTests */ = {
			isa = PBXGroup;
			children = (
				612308E6222EA3010089C859 /* ClinBeaconTests.swift */,
				612308E8222EA3010089C859 /* Info.plist */,
			);
			path = ClinBeaconTests;
			sourceTree = "<group>";
		};
/* End PBXGroup section */

/* Begin PBXNativeTarget section */
		612308CD222EA3000089C859 /* ClinBeacon */ = {
			isa = PBXNativeTarget;
			buildConfigurationList = 612308EB222EA3010089C859 /* Build configuration list for PBXNativeTarget "ClinBeacon" */;
			buildPhases = (
				612308CA222EA3000089C859 /* Sources */,
				612308CB222EA3000089C859 /* Frameworks */,
				612308CC222EA3000089C859 /* Resources */,
			);
			buildRules = (
			);
			dependencies = (
			);
			name = ClinBeacon;
			productName = ClinBeacon;
			productReference = 612308CE222EA3000089C859 /* ClinBeacon.app */;
			productType = "com.apple.product-type.application";
		};
		612308E1222EA3010089C859 /* ClinBeaconTests */ = {
			isa = PBXNativeTarget;
			buildConfigurationList = 612308EE222EA3010089C859 /* Build configuration list for PBXNativeTarget "ClinBeaconTests" */;
			buildPhases = (
				612308DE222EA3010089C859 /* Sources */,
				612308DF222EA3010089C859 /* Frameworks */,
				612308E0222EA3010089C859 /* Resources */,
			);
			buildRules = (
			);
			dependencies = (
				612308E4222EA3010089C859 /* PBXTargetDependency */,
			);
			name = ClinBeaconTests;
			productName = ClinBeaconTests;
			productReference = 612308E2222EA3010089C859 /* ClinBeaconTests.xctest */;
			productType = "com.apple.product-type.bundle.unit-test";
		};
/* End PBXNativeTarget section */

/* Begin PBXProject section */
		612308C6222EA3000089C859 /* Project object */ = {
			isa = PBXProject;
			attributes = {
				LastSwiftUpdateCheck = 1010;
				LastUpgradeCheck = 1010;
				ORGANIZATIONNAME = "The University Health Network";
				TargetAttributes = {
					612308CD222EA3000089C859 = {
						CreatedOnToolsVersion = 10.1;
					};
					612308E1222EA3010089C859 = {
						CreatedOnToolsVersion = 10.1;
						TestTargetID = 612308CD222EA3000089C859;
					};
				};
			};
			buildConfigurationList = 612308C9222EA3000089C859 /* Build configuration list for PBXProject "ClinBeacon" */;
			compatibilityVersion = "Xcode 9.3";
			developmentRegion = en;
			hasScannedForEncodings = 0;
			knownRegions = (
				en,
				Base,
			);
			mainGroup = 612308C5222EA3000089C859;
			productRefGroup = 612308CF222EA3000089C859 /* Products */;
			projectDirPath = "";
			projectRoot = "";
			targets = (
				612308CD222EA3000089C859 /* ClinBeacon */,
				612308E1222EA3010089C859 /* ClinBeaconTests */,
			);
		};
/* End PBXProject section */

/* Begin PBXResourcesBuildPhase section */
		612308CC222EA3000089C859 /* Resources */ = {
			isa = PBXResourcesBuildPhase;
			buildActionMask = 2147483647;
			files = (
				612308DC222EA3000089C859 /* LaunchScreen.storyboard in Resources */,
				612308D9222EA3000089C859 /* Assets.xcassets in Resources */,
				612308D7222EA3000089C859 /* Main.storyboard in Resources */,
			);
			runOnlyForDeploymentPostprocessing = 0;
		};
		612308E0222EA3010089C859 /* Resources */ = {
			isa = PBXResourcesBuildPhase;
			buildActionMask = 2147483647;
			files = (
			);
			runOnlyForDeploymentPostprocessing = 0;
		};
/* End PBXResourcesBuildPhase section */

/* Begin PBXSourcesBuildPhase section */
		612308CA222EA3000089C859 /* Sources */ = {
			isa = PBXSourcesBuildPhase;
			buildActionMask = 2147483647;
			files = (
				612308D4222EA3000089C859 /* ViewController.swift in Sources */,
				612308D2222EA3000089C859 /* AppDelegate.swift in Sources */,
			);
			runOnlyForDeploymentPostprocessing = 0;
		};
		612308DE222EA3010089C859 /* Sources */ = {
			isa = PBXSourcesBuildPhase;
			buildActionMask = 2147483647;
			files = (
				612308E7222EA3010089C859 /* ClinBeaconTests.swift in Sources */,
			);
			runOnlyForDeploymentPostprocessing = 0;
		};
/* End PBXSourcesBuildPhase section */

/* Begin PBXTargetDependency section */
		612308E4222EA3010089C859 /* PBXTargetDependency */ = {
			isa = PBXTargetDependency;
			target = 612308CD222EA3000089C859 /* ClinBeacon */;
			targetProxy = 612308E3222EA3010089C859 /* PBXContainerItemProxy */;
		};
/* End PBXTargetDependency section */

/* Begin PBXVariantGroup section */
		612308D5222EA3000089C859 /* Main.storyboard */ = {
			isa = PBXVariantGroup;
			children = (
				612308D6222EA3000089C859 /* Base */,
			);
			name = Main.storyboard;
			sourceTree = "<group>";
		};
		612308DA222EA3000089C859 /* LaunchScreen.storyboard */ = {
			isa = PBXVariantGroup;
			children = (
				612308DB222EA3000089C859 /* Base */,
			);
			name = LaunchScreen.storyboard;
			sourceTree = "<group>";
		};
/* End PBXVariantGroup section */

/* Begin XCBuildConfiguration section */
		612308E9222EA3010089C859 /* Debug */ = {
			isa = XCBuildConfiguration;
			buildSettings = {
				ALWAYS_SEARCH_USER_PATHS = NO;
				CLANG_ANALYZER_NONNULL = YES;
				CLANG_ANALYZER_NUMBER_OBJECT_CONVERSION = YES_AGGRESSIVE;
				CLANG_CXX_LANGUAGE_STANDARD = "gnu++14";
				CLANG_CXX_LIBRARY = "libc++";
				CLANG_ENABLE_MODULES = YES;
				CLANG_ENABLE_OBJC_ARC = YES;
				CLANG_ENABLE_OBJC_WEAK = YES;
				CLANG_WARN_BLOCK_CAPTURE_AUTORELEASING = YES;
				CLANG_WARN_BOOL_CONVERSION = YES;
				CLANG_WARN_COMMA = YES;
				CLANG_WARN_CONSTANT_CONVERSION = YES;
				CLANG_WARN_DEPRECATED_OBJC_IMPLEMENTATIONS = YES;
				CLANG_WARN_DIRECT_OBJC_ISA_USAGE = YES_ERROR;
				CLANG_WARN_DOCUMENTATION_COMMENTS = YES;
				CLANG_WARN_EMPTY_BODY = YES;
				CLANG_WARN_ENUM_CONVERSION = YES;
				CLANG_WARN_INFINITE_RECURSION = YES;
				CLANG_WARN_INT_CONVERSION = YES;
				CLANG_WARN_NON_LITERAL_NULL_CONVERSION = YES;
				CLANG_WARN_OBJC_IMPLICIT_RETAIN_SELF = YES;
				CLANG_WARN_OBJC_LITERAL_CONVERSION = YES;
				CLANG_WARN_OBJC_ROOT_CLASS = YES_ERROR;
				CLANG_WARN_RANGE_LOOP_ANALYSIS = YES;
				CLANG_WARN_STRICT_PROTOTYPES = YES;
				CLANG_WARN_SUSPICIOUS_MOVE = YES;
				CLANG_WARN_UNGUARDED_AVAILABILITY = YES_AGGRESSIVE;
				CLANG_WARN_UNREACHABLE_CODE = YES;
				CLANG_WARN__DUPLICATE_METHOD_MATCH = YES;
				CODE_SIGN_IDENTITY = "iPhone Developer";
				COPY_PHASE_STRIP = NO;
				DEBUG_INFORMATION_FORMAT = dwarf;
				ENABLE_STRICT_OBJC_MSGSEND = YES;
				ENABLE_TESTABILITY = YES;
				GCC_C_LANGUAGE_STANDARD = gnu11;
				GCC_DYNAMIC_NO_PIC = NO;
				GCC_NO_COMMON_BLOCKS = YES;
				GCC_OPTIMIZATION_LEVEL = 0;
				GCC_PREPROCESSOR_DEFINITIONS = (
					"DEBUG=1",
					"$(inherited)",
				);
				GCC_WARN_64_TO_32_BIT_CONVERSION = YES;
				GCC_WARN_ABOUT_RETURN_TYPE = YES_ERROR;
				GCC_WARN_UNDECLARED_SELECTOR = YES;
				GCC_WARN_UNINITIALIZED_AUTOS = YES_AGGRESSIVE;
				GCC_WARN_UNUSED_FUNCTION = YES;
				GCC_WARN_UNUSED_VARIABLE = YES;
				IPHONEOS_DEPLOYMENT_TARGET = 12.1;
				MTL_ENABLE_DEBUG_INFO = INCLUDE_SOURCE;
				MTL_FAST_MATH = YES;
				ONLY_ACTIVE_ARCH = YES;
				SDKROOT = iphoneos;
				SWIFT_ACTIVE_COMPILATION_CONDITIONS = DEBUG;
				SWIFT_OPTIMIZATION_LEVEL = "-Onone";
			};
			name = Debug;
		};
		612308EA222EA3010089C859 /* Release */ = {
			isa = XCBuildConfiguration;
			buildSettings = {
				ALWAYS_SEARCH_USER_PATHS = NO;
				CLANG_ANALYZER_NONNULL = YES;
				CLANG_ANALYZER_NUMBER_OBJECT_CONVERSION = YES_AGGRESSIVE;
				CLANG_CXX_LANGUAGE_STANDARD = "gnu++14";
				CLANG_CXX_LIBRARY = "libc++";
				CLANG_ENABLE_MODULES = YES;
				CLANG_ENABLE_OBJC_ARC = YES;
				CLANG_ENABLE_OBJC_WEAK = YES;
				CLANG_WARN_BLOCK_CAPTURE_AUTORELEASING = YES;
				CLANG_WARN_BOOL_CONVERSION = YES;
				CLANG_WARN_COMMA = YES;
				CLANG_WARN_CONSTANT_CONVERSION = YES;
				CLANG_WARN_DEPRECATED_OBJC_IMPLEMENTATIONS = YES;
				CLANG_WARN_DIRECT_OBJC_ISA_USAGE = YES_ERROR;
				CLANG_WARN_DOCUMENTATION_COMMENTS = YES;
				CLANG_WARN_EMPTY_BODY = YES;
				CLANG_WARN_ENUM_CONVERSION = YES;
				CLANG_WARN_INFINITE_RECURSION = YES;
				CLANG_WARN_INT_CONVERSION = YES;
				CLANG_WARN_NON_LITERAL_NULL_CONVERSION = YES;
				CLANG_WARN_OBJC_IMPLICIT_RETAIN_SELF = YES;
				CLANG_WARN_OBJC_LITERAL_CONVERSION = YES;
				CLANG_WARN_OBJC_ROOT_CLASS = YES_ERROR;
				CLANG_WARN_RANGE_LOOP_ANALYSIS = YES;
				CLANG_WARN_STRICT_PROTOTYPES = YES;
				CLANG_WARN_SUSPICIOUS_MOVE = YES;
				CLANG_WARN_UNGUARDED_AVAILABILITY = YES_AGGRESSIVE;
				CLANG_WARN_UNREACHABLE_CODE = YES;
				CLANG_WARN__DUPLICATE_METHOD_MATCH = YES;
				CODE_SIGN_IDENTITY = "iPhone Developer";
				COPY_PHASE_STRIP = NO;
				DEBUG_INFORMATION_FORMAT = "dwarf-with-dsym";
				ENABLE_NS_ASSERTIONS = NO;
				ENABLE_STRICT_OBJC_MSGSEND = YES;
				GCC_C_LANGUAGE_STANDARD = gnu11;
				GCC_NO_COMMON_BLOCKS = YES;
				GCC_WARN_64_TO_32_BIT_CONVERSION = YES;
				GCC_WARN_ABOUT_RETURN_TYPE = YES_ERROR;
				GCC_WARN_UNDECLARED_SELECTOR = YES;
				GCC_WARN_UNINITIALIZED_AUTOS = YES_AGGRESSIVE;
				GCC_WARN_UNUSED_FUNCTION = YES;
				GCC_WARN_UNUSED_VARIABLE = YES;
				IPHONEOS_DEPLOYMENT_TARGET = 12.1;
				MTL_ENABLE_DEBUG_INFO = NO;
				MTL_FAST_MATH = YES;
				SDKROOT = iphoneos;
				SWIFT_COMPILATION_MODE = wholemodule;
				SWIFT_OPTIMIZATION_LEVEL = "-O";
				VALIDATE_PRODUCT = YES;
			};
			name = Release;
		};
		612308EC222EA3010089C859 /* Debug */ = {
			isa = XCBuildConfiguration;
			buildSettings = {
				ASSETCATALOG_COMPILER_APPICON_NAME = AppIcon;
				CODE_SIGN_STYLE = Automatic;
				DEVELOPMENT_TEAM = D8JYW93CHX;
				INFOPLIST_FILE = ClinBeacon/Info.plist;
				LD_RUNPATH_SEARCH_PATHS = (
					"$(inherited)",
					"@executable_path/Frameworks",
				);
				PRODUCT_BUNDLE_IDENTIFIER = ca.uhnresearch.biocore.ClinBeacon;
				PRODUCT_NAME = "$(TARGET_NAME)";
				SWIFT_VERSION = 4.2;
				TARGETED_DEVICE_FAMILY = "1,2";
			};
			name = Debug;
		};
		612308ED222EA3010089C859 /* Release */ = {
			isa = XCBuildConfiguration;
			buildSettings = {
				ASSETCATALOG_COMPILER_APPICON_NAME = AppIcon;
				CODE_SIGN_STYLE = Automatic;
				DEVELOPMENT_TEAM = D8JYW93CHX;
				INFOPLIST_FILE = ClinBeacon/Info.plist;
				LD_RUNPATH_SEARCH_PATHS = (
					"$(inherited)",
					"@executable_path/Frameworks",
				);
				PRODUCT_BUNDLE_IDENTIFIER = ca.uhnresearch.biocore.ClinBeacon;
				PRODUCT_NAME = "$(TARGET_NAME)";
				SWIFT_VERSION = 4.2;
				TARGETED_DEVICE_FAMILY = "1,2";
			};
			name = Release;
		};
		612308EF222EA3010089C859 /* Debug */ = {
			isa = XCBuildConfiguration;
			buildSettings = {
				ALWAYS_EMBED_SWIFT_STANDARD_LIBRARIES = YES;
				BUNDLE_LOADER = "$(TEST_HOST)";
				CODE_SIGN_STYLE = Automatic;
				DEVELOPMENT_TEAM = D8JYW93CHX;
				INFOPLIST_FILE = ClinBeaconTests/Info.plist;
				LD_RUNPATH_SEARCH_PATHS = (
					"$(inherited)",
					"@executable_path/Frameworks",
					"@loader_path/Frameworks",
				);
				PRODUCT_BUNDLE_IDENTIFIER = ca.uhnresearch.biocore.ClinBeaconTests;
				PRODUCT_NAME = "$(TARGET_NAME)";
				SWIFT_VERSION = 4.2;
				TARGETED_DEVICE_FAMILY = "1,2";
				TEST_HOST = "$(BUILT_PRODUCTS_DIR)/ClinBeacon.app/ClinBeacon";
			};
			name = Debug;
		};
		612308F0222EA3010089C859 /* Release */ = {
			isa = XCBuildConfiguration;
			buildSettings = {
				ALWAYS_EMBED_SWIFT_STANDARD_LIBRARIES = YES;
				BUNDLE_LOADER = "$(TEST_HOST)";
				CODE_SIGN_STYLE = Automatic;
				DEVELOPMENT_TEAM = D8JYW93CHX;
				INFOPLIST_FILE = ClinBeaconTests/Info.plist;
				LD_RUNPATH_SEARCH_PATHS = (
					"$(inherited)",
					"@executable_path/Frameworks",
					"@loader_path/Frameworks",
				);
				PRODUCT_BUNDLE_IDENTIFIER = ca.uhnresearch.biocore.ClinBeaconTests;
				PRODUCT_NAME = "$(TARGET_NAME)";
				SWIFT_VERSION = 4.2;
				TARGETED_DEVICE_FAMILY = "1,2";
				TEST_HOST = "$(BUILT_PRODUCTS_DIR)/ClinBeacon.app/ClinBeacon";
			};
			name = Release;
		};
/* End XCBuildConfiguration section */

/* Begin XCConfigurationList section */
		612308C9222EA3000089C859 /* Build configuration list for PBXProject "ClinBeacon" */ = {
			isa = XCConfigurationList;
			buildConfigurations = (
				612308E9222EA3010089C859 /* Debug */,
				612308EA222EA3010089C859 /* Release */,
			);
			defaultConfigurationIsVisible = 0;
			defaultConfigurationName = Release;
		};
		612308EB222EA3010089C859 /* Build configuration list for PBXNativeTarget "ClinBeacon" */ = {
			isa = XCConfigurationList;
			buildConfigurations = (
				612308EC222EA3010089C859 /* Debug */,
				612308ED222EA3010089C859 /* Release */,
			);
			defaultConfigurationIsVisible = 0;
			defaultConfigurationName = Release;
		};
		612308EE222EA3010089C859 /* Build configuration list for PBXNativeTarget "ClinBeaconTests" */ = {
			isa = XCConfigurationList;
			buildConfigurations = (
				612308EF222EA3010089C859 /* Debug */,
				612308F0222EA3010089C859 /* Release */,
			);
			defaultConfigurationIsVisible = 0;
			defaultConfigurationName = Release;
		};
/* End XCConfigurationList section */
	};
	rootObject = 612308C6222EA3000089C859 /* Project object */;
}
